
Microsoft Visual Studio Solution File, Format Version 12.00
# Visual Studio Version 16
VisualStudioVersion = 16.0.30611.23
MinimumVisualStudioVersion = 10.0.40219.1
Project("{FAE04EC0-301F-11D3-BF4B-00C04F79EFBC}") = "QuanLyTinChi", "QuanLyTinChi\QuanLyTinChi.csproj", "{F441A4E7-8174-490A-AA68-002B7C8D33C6}"
EndProject
Global
	GlobalSection(SolutionConfigurationPlatforms) = preSolution
		Debug|Any CPU = Debug|Any CPU
		Release|Any CPU = Release|Any CPU
	EndGlobalSection
	GlobalSection(ProjectConfigurationPlatforms) = postSolution
		{F441A4E7-8174-490A-AA68-002B7C8D33C6}.Debug|Any CPU.ActiveCfg = Debug|Any CPU
		{F441A4E7-8174-490A-AA68-002B7C8D33C6}.Debug|Any CPU.Build.0 = Debug|Any CPU
		{F441A4E7-8174-490A-AA68-002B7C8D33C6}.Release|Any CPU.ActiveCfg = Release|Any CPU
		{F441A4E7-8174-490A-AA68-002B7C8D33C6}.Release|Any CPU.Build.0 = Release|Any CPU
	EndGlobalSection
	GlobalSection(SolutionProperties) = preSolution
		HideSolutionNode = FALSE
	EndGlobalSection
	GlobalSection(ExtensibilityGlobals) = postSolution
		SolutionGuid = {D3CE8E1A-3024-470A-A016-A4FA65DFA2A7}
	EndGlobalSection
EndGlobal
